
Microsoft Visual Studio Solution File, Format Version 12.00
# Visual Studio Version 17
VisualStudioVersion = 17.8.34330.188
MinimumVisualStudioVersion = 10.0.40219.1
Project("{FAE04EC0-301F-11D3-BF4B-00C04F79EFBC}") = "PhoneBook", "PhoneBook\PhoneBook.csproj", "{7DECDB59-4E2B-4D04-A3FA-2B83AAC28647}"
	ProjectSection(ProjectDependencies) = postProject
		{B7F787AF-5322-4EC9-9C99-832F7F9A30D2} = {B7F787AF-5322-4EC9-9C99-832F7F9A30D2}
	EndProjectSection
EndProject
Project("{FAE04EC0-301F-11D3-BF4B-00C04F79EFBC}") = "PhoneBook.Common", "PhoneBook.Common\PhoneBook.Common.csproj", "{B7F787AF-5322-4EC9-9C99-832F7F9A30D2}"
EndProject
Project("{FAE04EC0-301F-11D3-BF4B-00C04F79EFBC}") = "PhoneBook.Tests", "PhoneBook.Tests\PhoneBook.Tests.csproj", "{8A57522C-9B55-4721-87F3-39D8AD16E8A2}"
EndProject
Global
	GlobalSection(SolutionConfigurationPlatforms) = preSolution
		Debug|Any CPU = Debug|Any CPU
		Release|Any CPU = Release|Any CPU
	EndGlobalSection
	GlobalSection(ProjectConfigurationPlatforms) = postSolution
		{7DECDB59-4E2B-4D04-A3FA-2B83AAC28647}.Debug|Any CPU.ActiveCfg = Debug|Any CPU
		{7DECDB59-4E2B-4D04-A3FA-2B83AAC28647}.Debug|Any CPU.Build.0 = Debug|Any CPU
		{7DECDB59-4E2B-4D04-A3FA-2B83AAC28647}.Release|Any CPU.ActiveCfg = Release|Any CPU
		{7DECDB59-4E2B-4D04-A3FA-2B83AAC28647}.Release|Any CPU.Build.0 = Release|Any CPU
		{B7F787AF-5322-4EC9-9C99-832F7F9A30D2}.Debug|Any CPU.ActiveCfg = Debug|Any CPU
		{B7F787AF-5322-4EC9-9C99-832F7F9A30D2}.Debug|Any CPU.Build.0 = Debug|Any CPU
		{B7F787AF-5322-4EC9-9C99-832F7F9A30D2}.Release|Any CPU.ActiveCfg = Release|Any CPU
		{B7F787AF-5322-4EC9-9C99-832F7F9A30D2}.Release|Any CPU.Build.0 = Release|Any CPU
		{8A57522C-9B55-4721-87F3-39D8AD16E8A2}.Debug|Any CPU.ActiveCfg = Debug|Any CPU
		{8A57522C-9B55-4721-87F3-39D8AD16E8A2}.Debug|Any CPU.Build.0 = Debug|Any CPU
		{8A57522C-9B55-4721-87F3-39D8AD16E8A2}.Release|Any CPU.ActiveCfg = Release|Any CPU
		{8A57522C-9B55-4721-87F3-39D8AD16E8A2}.Release|Any CPU.Build.0 = Release|Any CPU
	EndGlobalSection
	GlobalSection(SolutionProperties) = preSolution
		HideSolutionNode = FALSE
	EndGlobalSection
	GlobalSection(ExtensibilityGlobals) = postSolution
		SolutionGuid = {EF923B99-A033-49C6-8287-566DFCBCF0B3}
	EndGlobalSection
EndGlobal
